PODS:
  - audioplayers_darwin (0.0.1):
    - Flutter
    - FlutterMacOS
  - Flutter (1.0.0)
  - flutter_soloud (0.0.1):
    - Flutter
  - games_services (0.0.1):
    - Flutter
  - geolocator_apple (1.2.0):
    - Flutter
    - FlutterMacOS
  - path_provider_foundation (0.0.1):
    - Flutter
    - FlutterMacOS
  - rive_common (0.0.1):
    - Flutter
  - shared_preferences_foundation (0.0.1):
    - Flutter
    - FlutterMacOS

DEPENDENCIES:
  - audioplayers_darwin (from `.symlinks/plugins/audioplayers_darwin/darwin`)
  - Flutter (from `Flutter`)
  - flutter_soloud (from `.symlinks/plugins/flutter_soloud/ios`)
  - games_services (from `.symlinks/plugins/games_services/ios`)
  - geolocator_apple (from `.symlinks/plugins/geolocator_apple/darwin`)
  - path_provider_foundation (from `.symlinks/plugins/path_provider_foundation/darwin`)
  - rive_common (from `.symlinks/plugins/rive_common/ios`)
  - shared_preferences_foundation (from `.symlinks/plugins/shared_preferences_foundation/darwin`)

EXTERNAL SOURCES:
  audioplayers_darwin:
    :path: ".symlinks/plugins/audioplayers_darwin/darwin"
  Flutter:
    :path: Flutter
  flutter_soloud:
    :path: ".symlinks/plugins/flutter_soloud/ios"
  games_services:
    :path: ".symlinks/plugins/games_services/ios"
  geolocator_apple:
    :path: ".symlinks/plugins/geolocator_apple/darwin"
  path_provider_foundation:
    :path: ".symlinks/plugins/path_provider_foundation/darwin"
  rive_common:
    :path: ".symlinks/plugins/rive_common/ios"
  shared_preferences_foundation:
    :path: ".symlinks/plugins/shared_preferences_foundation/darwin"

SPEC CHECKSUMS:
  audioplayers_darwin: 4027b33a8f471d996c13f71cb77f0b1583b5d923
  Flutter: cabc95a1d2626b1b06e7179b784ebcf0c0cde467
  flutter_soloud: 78b2184802f2183a6799c6c6fcbc8e99edf4cf9a
  games_services: 6c9a23d55bc6ae0129b24507e008643dcb02f341
  geolocator_apple: 66b711889fd333205763b83c9dcf0a57a28c7afd
  path_provider_foundation: 0b743cbb62d8e47eab856f09262bb8c1ddcfe6ba
  rive_common: 4743dbfd2911c99066547a3c6454681e0fa907df
  shared_preferences_foundation: 5086985c1d43c5ba4d5e69a4e8083a389e2909e6

PODFILE CHECKSUM: a57f30d18f102dd3ce366b1d62a55ecbef2158e5

COCOAPODS: 1.16.2
